
Microsoft Visual Studio Solution File, Format Version 12.00
# Visual Studio Version 17
VisualStudioVersion = 17.1.32407.343
MinimumVisualStudioVersion = 10.0.40219.1
Project("{FAE04EC0-301F-11D3-BF4B-00C04F79EFBC}") = "AuthAPI", "AuthAPI\AuthAPI.csproj", "{CD20A5DA-E47F-410E-A02D-225E7271A430}"
EndProject
Global
	GlobalSection(SolutionConfigurationPlatforms) = preSolution
		Debug|Any CPU = Debug|Any CPU
		Release|Any CPU = Release|Any CPU
	EndGlobalSection
	GlobalSection(ProjectConfigurationPlatforms) = postSolution
		{CD20A5DA-E47F-410E-A02D-225E7271A430}.Debug|Any CPU.ActiveCfg = Debug|Any CPU
		{CD20A5DA-E47F-410E-A02D-225E7271A430}.Debug|Any CPU.Build.0 = Debug|Any CPU
		{CD20A5DA-E47F-410E-A02D-225E7271A430}.Release|Any CPU.ActiveCfg = Release|Any CPU
		{CD20A5DA-E47F-410E-A02D-225E7271A430}.Release|Any CPU.Build.0 = Release|Any CPU
	EndGlobalSection
	GlobalSection(SolutionProperties) = preSolution
		HideSolutionNode = FALSE
	EndGlobalSection
	GlobalSection(ExtensibilityGlobals) = postSolution
		SolutionGuid = {8FB46AD6-9E33-4900-B118-8051555CB250}
	EndGlobalSection
EndGlobal
